
Microsoft Visual Studio Solution File, Format Version 12.00
# Visual Studio Version 16
VisualStudioVersion = 16.0.29709.97
MinimumVisualStudioVersion = 10.0.40219.1
Project("{FAE04EC0-301F-11D3-BF4B-00C04F79EFBC}") = "ApiGenerator", "ApiGenerator\ApiGenerator.csproj", "{2791302E-D2AD-449F-B06E-2364169F4E44}"
EndProject
Global
	GlobalSection(SolutionConfigurationPlatforms) = preSolution
		Debug|Any CPU = Debug|Any CPU
		Release|Any CPU = Release|Any CPU
	EndGlobalSection
	GlobalSection(ProjectConfigurationPlatforms) = postSolution
		{2791302E-D2AD-449F-B06E-2364169F4E44}.Debug|Any CPU.ActiveCfg = Debug|Any CPU
		{2791302E-D2AD-449F-B06E-2364169F4E44}.Debug|Any CPU.Build.0 = Debug|Any CPU
		{2791302E-D2AD-449F-B06E-2364169F4E44}.Release|Any CPU.ActiveCfg = Release|Any CPU
		{2791302E-D2AD-449F-B06E-2364169F4E44}.Release|Any CPU.Build.0 = Release|Any CPU
	EndGlobalSection
	GlobalSection(SolutionProperties) = preSolution
		HideSolutionNode = FALSE
	EndGlobalSection
	GlobalSection(ExtensibilityGlobals) = postSolution
		SolutionGuid = {F5B187FB-4C32-4D8C-AA36-2B527C3FF657}
	EndGlobalSection
EndGlobal
